// !$*UTF8*$!
{
	archiveVersion = 1;
	classes = {
	};
	objectVersion = 56;
	objects = {

/* Begin PBXBuildFile section */
		74918FB92C5E926500812096 /* AppDelegate.swift in Sources */ = {isa = PBXBuildFile; fileRef = 74918FB82C5E926500812096 /* AppDelegate.swift */; };
		74918FBB2C5E926500812096 /* SceneDelegate.swift in Sources */ = {isa = PBXBuildFile; fileRef = 74918FBA2C5E926500812096 /* SceneDelegate.swift */; };
		74918FBD2C5E926500812096 /* DashboardViewController.swift in Sources */ = {isa = PBXBuildFile; fileRef = 74918FBC2C5E926500812096 /* DashboardViewController.swift */; };
		74918FC22C5E926700812096 /* Assets.xcassets in Resources */ = {isa = PBXBuildFile; fileRef = 74918FC12C5E926700812096 /* Assets.xcassets */; };
		74918FC52C5E926700812096 /* Base in Resources */ = {isa = PBXBuildFile; fileRef = 74918FC42C5E926700812096 /* Base */; };
		74918FCF2C5E995600812096 /* Method.swift in Sources */ = {isa = PBXBuildFile; fileRef = 74918FCE2C5E995600812096 /* Method.swift */; };
		74918FD12C5EE94000812096 /* MenuViewController.swift in Sources */ = {isa = PBXBuildFile; fileRef = 74918FD02C5EE94000812096 /* MenuViewController.swift */; };
		74918FD62C5EF9D100812096 /* Route.swift in Sources */ = {isa = PBXBuildFile; fileRef = 74918FD52C5EF9D100812096 /* Route.swift */; };
		74918FDB2C5FA42B00812096 /* GetAllProductsResponse.swift in Sources */ = {isa = PBXBuildFile; fileRef = 74918FDA2C5FA42A00812096 /* GetAllProductsResponse.swift */; };
		74918FDE2C5FA54E00812096 /* Product.swift in Sources */ = {isa = PBXBuildFile; fileRef = 74918FDD2C5FA54E00812096 /* Product.swift */; };
		74918FE02C5FA5C000812096 /* Category.swift in Sources */ = {isa = PBXBuildFile; fileRef = 74918FDF2C5FA5C000812096 /* Category.swift */; };
		74918FE22C5FAA9200812096 /* Service.swift in Sources */ = {isa = PBXBuildFile; fileRef = 74918FE12C5FAA9200812096 /* Service.swift */; };
		74918FE52C5FAB9200812096 /* String + Extension.swift in Sources */ = {isa = PBXBuildFile; fileRef = 74918FE42C5FAB9200812096 /* String + Extension.swift */; };
		74918FE72C5FAC6F00812096 /* Error.swift in Sources */ = {isa = PBXBuildFile; fileRef = 74918FE62C5FAC6F00812096 /* Error.swift */; };
		74918FEA2C5FBA4600812096 /* SideCategoryMenuViewModel.swift in Sources */ = {isa = PBXBuildFile; fileRef = 74918FE92C5FBA4600812096 /* SideCategoryMenuViewModel.swift */; };
		74918FEC2C62C74E00812096 /* TabBarController.swift in Sources */ = {isa = PBXBuildFile; fileRef = 74918FEB2C62C74E00812096 /* TabBarController.swift */; };
		74918FEE2C62C7E200812096 /* CategoryViewController.swift in Sources */ = {isa = PBXBuildFile; fileRef = 74918FED2C62C7E200812096 /* CategoryViewController.swift */; };
		74918FF02C641D0E00812096 /* CategoryView.swift in Sources */ = {isa = PBXBuildFile; fileRef = 74918FEF2C641D0E00812096 /* CategoryView.swift */; };
		74918FF22C641F3100812096 /* CategoryCollectionViewCell.swift in Sources */ = {isa = PBXBuildFile; fileRef = 74918FF12C641F3100812096 /* CategoryCollectionViewCell.swift */; };
		74918FF42C66C61200812096 /* CategoryViewViewModel.swift in Sources */ = {isa = PBXBuildFile; fileRef = 74918FF32C66C61200812096 /* CategoryViewViewModel.swift */; };
/* End PBXBuildFile section */

/* Begin PBXFileReference section */
		74918FB52C5E926500812096 /* Shopping.app */ = {isa = PBXFileReference; explicitFileType = wrapper.application; includeInIndex = 0; path = Shopping.app; sourceTree = BUILT_PRODUCTS_DIR; };
		74918FB82C5E926500812096 /* AppDelegate.swift */ = {isa = PBXFileReference; lastKnownFileType = sourcecode.swift; path = AppDelegate.swift; sourceTree = "<group>"; };
		74918FBA2C5E926500812096 /* SceneDelegate.swift */ = {isa = PBXFileReference; lastKnownFileType = sourcecode.swift; path = SceneDelegate.swift; sourceTree = "<group>"; };
		74918FBC2C5E926500812096 /* DashboardViewController.swift */ = {isa = PBXFileReference; lastKnownFileType = sourcecode.swift; path = DashboardViewController.swift; sourceTree = "<group>"; };
		74918FC12C5E926700812096 /* Assets.xcassets */ = {isa = PBXFileReference; lastKnownFileType = folder.assetcatalog; path = Assets.xcassets; sourceTree = "<group>"; };
		74918FC42C5E926700812096 /* Base */ = {isa = PBXFileReference; lastKnownFileType = file.storyboard; name = Base; path = Base.lproj/LaunchScreen.storyboard; sourceTree = "<group>"; };
		74918FC62C5E926700812096 /* Info.plist */ = {isa = PBXFileReference; lastKnownFileType = text.plist.xml; path = Info.plist; sourceTree = "<group>"; };
		74918FCE2C5E995600812096 /* Method.swift */ = {isa = PBXFileReference; lastKnownFileType = sourcecode.swift; path = Method.swift; sourceTree = "<group>"; };
		74918FD02C5EE94000812096 /* MenuViewController.swift */ = {isa = PBXFileReference; lastKnownFileType = sourcecode.swift; path = MenuViewController.swift; sourceTree = "<group>"; };
		74918FD52C5EF9D100812096 /* Route.swift */ = {isa = PBXFileReference; lastKnownFileType = sourcecode.swift; path = Route.swift; sourceTree = "<group>"; };
		74918FDA2C5FA42A00812096 /* GetAllProductsResponse.swift */ = {isa = PBXFileReference; lastKnownFileType = sourcecode.swift; path = GetAllProductsResponse.swift; sourceTree = "<group>"; };
		74918FDD2C5FA54E00812096 /* Product.swift */ = {isa = PBXFileReference; lastKnownFileType = sourcecode.swift; path = Product.swift; sourceTree = "<group>"; };
		74918FDF2C5FA5C000812096 /* Category.swift */ = {isa = PBXFileReference; lastKnownFileType = sourcecode.swift; path = Category.swift; sourceTree = "<group>"; };
		74918FE12C5FAA9200812096 /* Service.swift */ = {isa = PBXFileReference; lastKnownFileType = sourcecode.swift; path = Service.swift; sourceTree = "<group>"; };
		74918FE42C5FAB9200812096 /* String + Extension.swift */ = {isa = PBXFileReference; lastKnownFileType = sourcecode.swift; path = "String + Extension.swift"; sourceTree = "<group>"; };
		74918FE62C5FAC6F00812096 /* Error.swift */ = {isa = PBXFileReference; lastKnownFileType = sourcecode.swift; path = Error.swift; sourceTree = "<group>"; };
		74918FE92C5FBA4600812096 /* SideCategoryMenuViewModel.swift */ = {isa = PBXFileReference; lastKnownFileType = sourcecode.swift; path = SideCategoryMenuViewModel.swift; sourceTree = "<group>"; };
		74918FEB2C62C74E00812096 /* TabBarController.swift */ = {isa = PBXFileReference; lastKnownFileType = sourcecode.swift; path = TabBarController.swift; sourceTree = "<group>"; };
		74918FED2C62C7E200812096 /* CategoryViewController.swift */ = {isa = PBXFileReference; lastKnownFileType = sourcecode.swift; path = CategoryViewController.swift; sourceTree = "<group>"; };
		74918FEF2C641D0E00812096 /* CategoryView.swift */ = {isa = PBXFileReference; lastKnownFileType = sourcecode.swift; path = CategoryView.swift; sourceTree = "<group>"; };
		74918FF12C641F3100812096 /* CategoryCollectionViewCell.swift */ = {isa = PBXFileReference; lastKnownFileType = sourcecode.swift; path = CategoryCollectionViewCell.swift; sourceTree = "<group>"; };
		74918FF32C66C61200812096 /* CategoryViewViewModel.swift */ = {isa = PBXFileReference; lastKnownFileType = sourcecode.swift; path = CategoryViewViewModel.swift; sourceTree = "<group>"; };
/* End PBXFileReference section */

/* Begin PBXFrameworksBuildPhase section */
		74918FB22C5E926500812096 /* Frameworks */ = {
			isa = PBXFrameworksBuildPhase;
			buildActionMask = 2147483647;
			files = (
			);
			runOnlyForDeploymentPostprocessing = 0;
		};
/* End PBXFrameworksBuildPhase section */

/* Begin PBXGroup section */
		74918FAC2C5E926500812096 = {
			isa = PBXGroup;
			children = (
				74918FB72C5E926500812096 /* Shopping */,
				74918FB62C5E926500812096 /* Products */,
			);
			sourceTree = "<group>";
		};
		74918FB62C5E926500812096 /* Products */ = {
			isa = PBXGroup;
			children = (
				74918FB52C5E926500812096 /* Shopping.app */,
			);
			name = Products;
			sourceTree = "<group>";
		};
		74918FB72C5E926500812096 /* Shopping */ = {
			isa = PBXGroup;
			children = (
				74918FE82C5FBA3300812096 /* ViewModel */,
				74918FE32C5FAB7C00812096 /* Extensions */,
				74918FD82C5FA3FF00812096 /* Models */,
				74918FCD2C5E98FD00812096 /* ApiClient */,
				74918FCC2C5E94C600812096 /* Resources */,
				74918FBC2C5E926500812096 /* DashboardViewController.swift */,
				74918FC62C5E926700812096 /* Info.plist */,
				74918FEB2C62C74E00812096 /* TabBarController.swift */,
				74918FED2C62C7E200812096 /* CategoryViewController.swift */,
				74918FD02C5EE94000812096 /* MenuViewController.swift */,
				74918FEF2C641D0E00812096 /* CategoryView.swift */,
				74918FF12C641F3100812096 /* CategoryCollectionViewCell.swift */,
			);
			path = Shopping;
			sourceTree = "<group>";
		};
		74918FCC2C5E94C600812096 /* Resources */ = {
			isa = PBXGroup;
			children = (
				74918FC12C5E926700812096 /* Assets.xcassets */,
				74918FC32C5E926700812096 /* LaunchScreen.storyboard */,
				74918FB82C5E926500812096 /* AppDelegate.swift */,
				74918FBA2C5E926500812096 /* SceneDelegate.swift */,
			);
			path = Resources;
			sourceTree = "<group>";
		};
		74918FCD2C5E98FD00812096 /* ApiClient */ = {
			isa = PBXGroup;
			children = (
				74918FCE2C5E995600812096 /* Method.swift */,
				74918FD52C5EF9D100812096 /* Route.swift */,
				74918FE12C5FAA9200812096 /* Service.swift */,
				74918FE62C5FAC6F00812096 /* Error.swift */,
			);
			path = ApiClient;
			sourceTree = "<group>";
		};
		74918FD82C5FA3FF00812096 /* Models */ = {
			isa = PBXGroup;
			children = (
				74918FDC2C5FA53000812096 /* DataTypes */,
				74918FD92C5FA40500812096 /* APIResponseTypes */,
			);
			path = Models;
			sourceTree = "<group>";
		};
		74918FD92C5FA40500812096 /* APIResponseTypes */ = {
			isa = PBXGroup;
			children = (
				74918FDA2C5FA42A00812096 /* GetAllProductsResponse.swift */,
			);
			path = APIResponseTypes;
			sourceTree = "<group>";
		};
		74918FDC2C5FA53000812096 /* DataTypes */ = {
			isa = PBXGroup;
			children = (
				74918FDD2C5FA54E00812096 /* Product.swift */,
				74918FDF2C5FA5C000812096 /* Category.swift */,
			);
			path = DataTypes;
			sourceTree = "<group>";
		};
		74918FE32C5FAB7C00812096 /* Extensions */ = {
			isa = PBXGroup;
			children = (
				74918FE42C5FAB9200812096 /* String + Extension.swift */,
			);
			path = Extensions;
			sourceTree = "<group>";
		};
		74918FE82C5FBA3300812096 /* ViewModel */ = {
			isa = PBXGroup;
			children = (
				74918FE92C5FBA4600812096 /* SideCategoryMenuViewModel.swift */,
				74918FF32C66C61200812096 /* CategoryViewViewModel.swift */,
			);
			path = ViewModel;
			sourceTree = "<group>";
		};
/* End PBXGroup section */

/* Begin PBXNativeTarget section */
		74918FB42C5E926500812096 /* Shopping */ = {
			isa = PBXNativeTarget;
			buildConfigurationList = 74918FC92C5E926700812096 /* Build configuration list for PBXNativeTarget "Shopping" */;
			buildPhases = (
				74918FB12C5E926500812096 /* Sources */,
				74918FB22C5E926500812096 /* Frameworks */,
				74918FB32C5E926500812096 /* Resources */,
			);
			buildRules = (
			);
			dependencies = (
			);
			name = Shopping;
			packageProductDependencies = (
			);
			productName = Shopping;
			productReference = 74918FB52C5E926500812096 /* Shopping.app */;
			productType = "com.apple.product-type.application";
		};
/* End PBXNativeTarget section */

/* Begin PBXProject section */
		74918FAD2C5E926500812096 /* Project object */ = {
			isa = PBXProject;
			attributes = {
				BuildIndependentTargetsInParallel = 1;
				LastSwiftUpdateCheck = 1530;
				LastUpgradeCheck = 1530;
				TargetAttributes = {
					74918FB42C5E926500812096 = {
						CreatedOnToolsVersion = 15.3;
					};
				};
			};
			buildConfigurationList = 74918FB02C5E926500812096 /* Build configuration list for PBXProject "Shopping" */;
			compatibilityVersion = "Xcode 14.0";
			developmentRegion = en;
			hasScannedForEncodings = 0;
			knownRegions = (
				en,
				Base,
			);
			mainGroup = 74918FAC2C5E926500812096;
			packageReferences = (
			);
			productRefGroup = 74918FB62C5E926500812096 /* Products */;
			projectDirPath = "";
			projectRoot = "";
			targets = (
				74918FB42C5E926500812096 /* Shopping */,
			);
		};
/* End PBXProject section */

/* Begin PBXResourcesBuildPhase section */
		74918FB32C5E926500812096 /* Resources */ = {
			isa = PBXResourcesBuildPhase;
			buildActionMask = 2147483647;
			files = (
				74918FC22C5E926700812096 /* Assets.xcassets in Resources */,
				74918FC52C5E926700812096 /* Base in Resources */,
			);
			runOnlyForDeploymentPostprocessing = 0;
		};
/* End PBXResourcesBuildPhase section */

/* Begin PBXSourcesBuildPhase section */
		74918FB12C5E926500812096 /* Sources */ = {
			isa = PBXSourcesBuildPhase;
			buildActionMask = 2147483647;
			files = (
				74918FCF2C5E995600812096 /* Method.swift in Sources */,
				74918FDE2C5FA54E00812096 /* Product.swift in Sources */,
				74918FD12C5EE94000812096 /* MenuViewController.swift in Sources */,
				74918FF22C641F3100812096 /* CategoryCollectionViewCell.swift in Sources */,
				74918FBD2C5E926500812096 /* DashboardViewController.swift in Sources */,
				74918FEA2C5FBA4600812096 /* SideCategoryMenuViewModel.swift in Sources */,
				74918FE72C5FAC6F00812096 /* Error.swift in Sources */,
				74918FF02C641D0E00812096 /* CategoryView.swift in Sources */,
				74918FD62C5EF9D100812096 /* Route.swift in Sources */,
				74918FF42C66C61200812096 /* CategoryViewViewModel.swift in Sources */,
				74918FE02C5FA5C000812096 /* Category.swift in Sources */,
				74918FB92C5E926500812096 /* AppDelegate.swift in Sources */,
				74918FE52C5FAB9200812096 /* String + Extension.swift in Sources */,
				74918FEE2C62C7E200812096 /* CategoryViewController.swift in Sources */,
				74918FE22C5FAA9200812096 /* Service.swift in Sources */,
				74918FEC2C62C74E00812096 /* TabBarController.swift in Sources */,
				74918FBB2C5E926500812096 /* SceneDelegate.swift in Sources */,
				74918FDB2C5FA42B00812096 /* GetAllProductsResponse.swift in Sources */,
			);
			runOnlyForDeploymentPostprocessing = 0;
		};
/* End PBXSourcesBuildPhase section */

/* Begin PBXVariantGroup section */
		74918FC32C5E926700812096 /* LaunchScreen.storyboard */ = {
			isa = PBXVariantGroup;
			children = (
				74918FC42C5E926700812096 /* Base */,
			);
			name = LaunchScreen.storyboard;
			sourceTree = "<group>";
		};
/* End PBXVariantGroup section */

/* Begin XCBuildConfiguration section */
		74918FC72C5E926700812096 /* Debug */ = {
			isa = XCBuildConfiguration;
			buildSettings = {
				ALWAYS_SEARCH_USER_PATHS = NO;
				ASSETCATALOG_COMPILER_GENERATE_SWIFT_ASSET_SYMBOL_EXTENSIONS = YES;
				CLANG_ANALYZER_NONNULL = YES;
				CLANG_ANALYZER_NUMBER_OBJECT_CONVERSION = YES_AGGRESSIVE;
				CLANG_CXX_LANGUAGE_STANDARD = "gnu++20";
				CLANG_ENABLE_MODULES = YES;
				CLANG_ENABLE_OBJC_ARC = YES;
				CLANG_ENABLE_OBJC_WEAK = YES;
				CLANG_WARN_BLOCK_CAPTURE_AUTORELEASING = YES;
				CLANG_WARN_BOOL_CONVERSION = YES;
				CLANG_WARN_COMMA = YES;
				CLANG_WARN_CONSTANT_CONVERSION = YES;
				CLANG_WARN_DEPRECATED_OBJC_IMPLEMENTATIONS = YES;
				CLANG_WARN_DIRECT_OBJC_ISA_USAGE = YES_ERROR;
				CLANG_WARN_DOCUMENTATION_COMMENTS = YES;
				CLANG_WARN_EMPTY_BODY = YES;
				CLANG_WARN_ENUM_CONVERSION = YES;
				CLANG_WARN_INFINITE_RECURSION = YES;
				CLANG_WARN_INT_CONVERSION = YES;
				CLANG_WARN_NON_LITERAL_NULL_CONVERSION = YES;
				CLANG_WARN_OBJC_IMPLICIT_RETAIN_SELF = YES;
				CLANG_WARN_OBJC_LITERAL_CONVERSION = YES;
				CLANG_WARN_OBJC_ROOT_CLASS = YES_ERROR;
				CLANG_WARN_QUOTED_INCLUDE_IN_FRAMEWORK_HEADER = YES;
				CLANG_WARN_RANGE_LOOP_ANALYSIS = YES;
				CLANG_WARN_STRICT_PROTOTYPES = YES;
				CLANG_WARN_SUSPICIOUS_MOVE = YES;
				CLANG_WARN_UNGUARDED_AVAILABILITY = YES_AGGRESSIVE;
				CLANG_WARN_UNREACHABLE_CODE = YES;
				CLANG_WARN__DUPLICATE_METHOD_MATCH = YES;
				COPY_PHASE_STRIP = NO;
				DEBUG_INFORMATION_FORMAT = dwarf;
				ENABLE_STRICT_OBJC_MSGSEND = YES;
				ENABLE_TESTABILITY = YES;
				ENABLE_USER_SCRIPT_SANDBOXING = YES;
				GCC_C_LANGUAGE_STANDARD = gnu17;
				GCC_DYNAMIC_NO_PIC = NO;
				GCC_NO_COMMON_BLOCKS = YES;
				GCC_OPTIMIZATION_LEVEL = 0;
				GCC_PREPROCESSOR_DEFINITIONS = (
					"DEBUG=1",
					"$(inherited)",
				);
				GCC_WARN_64_TO_32_BIT_CONVERSION = YES;
				GCC_WARN_ABOUT_RETURN_TYPE = YES_ERROR;
				GCC_WARN_UNDECLARED_SELECTOR = YES;
				GCC_WARN_UNINITIALIZED_AUTOS = YES_AGGRESSIVE;
				GCC_WARN_UNUSED_FUNCTION = YES;
				GCC_WARN_UNUSED_VARIABLE = YES;
				IPHONEOS_DEPLOYMENT_TARGET = 17.4;
				LOCALIZATION_PREFERS_STRING_CATALOGS = YES;
				MTL_ENABLE_DEBUG_INFO = INCLUDE_SOURCE;
				MTL_FAST_MATH = YES;
				ONLY_ACTIVE_ARCH = YES;
				SDKROOT = iphoneos;
				SWIFT_ACTIVE_COMPILATION_CONDITIONS = "DEBUG $(inherited)";
				SWIFT_OPTIMIZATION_LEVEL = "-Onone";
			};
			name = Debug;
		};
		74918FC82C5E926700812096 /* Release */ = {
			isa = XCBuildConfiguration;
			buildSettings = {
				ALWAYS_SEARCH_USER_PATHS = NO;
				ASSETCATALOG_COMPILER_GENERATE_SWIFT_ASSET_SYMBOL_EXTENSIONS = YES;
				CLANG_ANALYZER_NONNULL = YES;
				CLANG_ANALYZER_NUMBER_OBJECT_CONVERSION = YES_AGGRESSIVE;
				CLANG_CXX_LANGUAGE_STANDARD = "gnu++20";
				CLANG_ENABLE_MODULES = YES;
				CLANG_ENABLE_OBJC_ARC = YES;
				CLANG_ENABLE_OBJC_WEAK = YES;
				CLANG_WARN_BLOCK_CAPTURE_AUTORELEASING = YES;
				CLANG_WARN_BOOL_CONVERSION = YES;
				CLANG_WARN_COMMA = YES;
				CLANG_WARN_CONSTANT_CONVERSION = YES;
				CLANG_WARN_DEPRECATED_OBJC_IMPLEMENTATIONS = YES;
				CLANG_WARN_DIRECT_OBJC_ISA_USAGE = YES_ERROR;
				CLANG_WARN_DOCUMENTATION_COMMENTS = YES;
				CLANG_WARN_EMPTY_BODY = YES;
				CLANG_WARN_ENUM_CONVERSION = YES;
				CLANG_WARN_INFINITE_RECURSION = YES;
				CLANG_WARN_INT_CONVERSION = YES;
				CLANG_WARN_NON_LITERAL_NULL_CONVERSION = YES;
				CLANG_WARN_OBJC_IMPLICIT_RETAIN_SELF = YES;
				CLANG_WARN_OBJC_LITERAL_CONVERSION = YES;
				CLANG_WARN_OBJC_ROOT_CLASS = YES_ERROR;
				CLANG_WARN_QUOTED_INCLUDE_IN_FRAMEWORK_HEADER = YES;
				CLANG_WARN_RANGE_LOOP_ANALYSIS = YES;
				CLANG_WARN_STRICT_PROTOTYPES = YES;
				CLANG_WARN_SUSPICIOUS_MOVE = YES;
				CLANG_WARN_UNGUARDED_AVAILABILITY = YES_AGGRESSIVE;
				CLANG_WARN_UNREACHABLE_CODE = YES;
				CLANG_WARN__DUPLICATE_METHOD_MATCH = YES;
				COPY_PHASE_STRIP = NO;
				DEBUG_INFORMATION_FORMAT = "dwarf-with-dsym";
				ENABLE_NS_ASSERTIONS = NO;
				ENABLE_STRICT_OBJC_MSGSEND = YES;
				ENABLE_USER_SCRIPT_SANDBOXING = YES;
				GCC_C_LANGUAGE_STANDARD = gnu17;
				GCC_NO_COMMON_BLOCKS = YES;
				GCC_WARN_64_TO_32_BIT_CONVERSION = YES;
				GCC_WARN_ABOUT_RETURN_TYPE = YES_ERROR;
				GCC_WARN_UNDECLARED_SELECTOR = YES;
				GCC_WARN_UNINITIALIZED_AUTOS = YES_AGGRESSIVE;
				GCC_WARN_UNUSED_FUNCTION = YES;
				GCC_WARN_UNUSED_VARIABLE = YES;
				IPHONEOS_DEPLOYMENT_TARGET = 17.4;
				LOCALIZATION_PREFERS_STRING_CATALOGS = YES;
				MTL_ENABLE_DEBUG_INFO = NO;
				MTL_FAST_MATH = YES;
				SDKROOT = iphoneos;
				SWIFT_COMPILATION_MODE = wholemodule;
				VALIDATE_PRODUCT = YES;
			};
			name = Release;
		};
		74918FCA2C5E926700812096 /* Debug */ = {
			isa = XCBuildConfiguration;
			buildSettings = {
				ASSETCATALOG_COMPILER_APPICON_NAME = AppIcon;
				ASSETCATALOG_COMPILER_GLOBAL_ACCENT_COLOR_NAME = AccentColor;
				CODE_SIGN_STYLE = Automatic;
				CURRENT_PROJECT_VERSION = 1;
				GENERATE_INFOPLIST_FILE = YES;
				INFOPLIST_FILE = Shopping/Info.plist;
				INFOPLIST_KEY_UIApplicationSupportsIndirectInputEvents = YES;
				INFOPLIST_KEY_UILaunchStoryboardName = LaunchScreen;
				INFOPLIST_KEY_UISupportedInterfaceOrientations_iPad = "UIInterfaceOrientationPortrait UIInterfaceOrientationPortraitUpsideDown UIInterfaceOrientationLandscapeLeft UIInterfaceOrientationLandscapeRight";
				INFOPLIST_KEY_UISupportedInterfaceOrientations_iPhone = "UIInterfaceOrientationPortrait UIInterfaceOrientationLandscapeLeft UIInterfaceOrientationLandscapeRight";
				LD_RUNPATH_SEARCH_PATHS = (
					"$(inherited)",
					"@executable_path/Frameworks",
				);
				MARKETING_VERSION = 1.0;
				PRODUCT_BUNDLE_IDENTIFIER = com.Shopping;
				PRODUCT_NAME = "$(TARGET_NAME)";
				SWIFT_EMIT_LOC_STRINGS = YES;
				SWIFT_VERSION = 5.0;
				TARGETED_DEVICE_FAMILY = "1,2";
			};
			name = Debug;
		};
		74918FCB2C5E926700812096 /* Release */ = {
			isa = XCBuildConfiguration;
			buildSettings = {
				ASSETCATALOG_COMPILER_APPICON_NAME = AppIcon;
				ASSETCATALOG_COMPILER_GLOBAL_ACCENT_COLOR_NAME = AccentColor;
				CODE_SIGN_STYLE = Automatic;
				CURRENT_PROJECT_VERSION = 1;
				GENERATE_INFOPLIST_FILE = YES;
				INFOPLIST_FILE = Shopping/Info.plist;
				INFOPLIST_KEY_UIApplicationSupportsIndirectInputEvents = YES;
				INFOPLIST_KEY_UILaunchStoryboardName = LaunchScreen;
				INFOPLIST_KEY_UISupportedInterfaceOrientations_iPad = "UIInterfaceOrientationPortrait UIInterfaceOrientationPortraitUpsideDown UIInterfaceOrientationLandscapeLeft UIInterfaceOrientationLandscapeRight";
				INFOPLIST_KEY_UISupportedInterfaceOrientations_iPhone = "UIInterfaceOrientationPortrait UIInterfaceOrientationLandscapeLeft UIInterfaceOrientationLandscapeRight";
				LD_RUNPATH_SEARCH_PATHS = (
					"$(inherited)",
					"@executable_path/Frameworks",
				);
				MARKETING_VERSION = 1.0;
				PRODUCT_BUNDLE_IDENTIFIER = com.Shopping;
				PRODUCT_NAME = "$(TARGET_NAME)";
				SWIFT_EMIT_LOC_STRINGS = YES;
				SWIFT_VERSION = 5.0;
				TARGETED_DEVICE_FAMILY = "1,2";
			};
			name = Release;
		};
/* End XCBuildConfiguration section */

/* Begin XCConfigurationList section */
		74918FB02C5E926500812096 /* Build configuration list for PBXProject "Shopping" */ = {
			isa = XCConfigurationList;
			buildConfigurations = (
				74918FC72C5E926700812096 /* Debug */,
				74918FC82C5E926700812096 /* Release */,
			);
			defaultConfigurationIsVisible = 0;
			defaultConfigurationName = Release;
		};
		74918FC92C5E926700812096 /* Build configuration list for PBXNativeTarget "Shopping" */ = {
			isa = XCConfigurationList;
			buildConfigurations = (
				74918FCA2C5E926700812096 /* Debug */,
				74918FCB2C5E926700812096 /* Release */,
			);
			defaultConfigurationIsVisible = 0;
			defaultConfigurationName = Release;
		};
/* End XCConfigurationList section */
	};
	rootObject = 74918FAD2C5E926500812096 /* Project object */;
}
